
Microsoft Visual Studio Solution File, Format Version 12.00
# Visual Studio Version 17
VisualStudioVersion = 17.5.33502.453
MinimumVisualStudioVersion = 10.0.40219.1
Project("{FAE04EC0-301F-11D3-BF4B-00C04F79EFBC}") = "数据库大作业", "数据库大作业\数据库大作业.csproj", "{ED38B3F6-3C16-425B-9825-99CDF1BAEE5A}"
EndProject
Global
	GlobalSection(SolutionConfigurationPlatforms) = preSolution
		Debug|Any CPU = Debug|Any CPU
		Release|Any CPU = Release|Any CPU
	EndGlobalSection
	GlobalSection(ProjectConfigurationPlatforms) = postSolution
		{ED38B3F6-3C16-425B-9825-99CDF1BAEE5A}.Debug|Any CPU.ActiveCfg = Debug|Any CPU
		{ED38B3F6-3C16-425B-9825-99CDF1BAEE5A}.Debug|Any CPU.Build.0 = Debug|Any CPU
		{ED38B3F6-3C16-425B-9825-99CDF1BAEE5A}.Release|Any CPU.ActiveCfg = Release|Any CPU
		{ED38B3F6-3C16-425B-9825-99CDF1BAEE5A}.Release|Any CPU.Build.0 = Release|Any CPU
	EndGlobalSection
	GlobalSection(SolutionProperties) = preSolution
		HideSolutionNode = FALSE
	EndGlobalSection
	GlobalSection(ExtensibilityGlobals) = postSolution
		SolutionGuid = {B5626D0A-D5DB-458D-9098-58BEB12741F8}
	EndGlobalSection
EndGlobal
